
Microsoft Visual Studio Solution File, Format Version 12.00
# Visual Studio Version 17
VisualStudioVersion = 17.1.32210.238
MinimumVisualStudioVersion = 10.0.40219.1
Project("{8BC9CEB8-8B4A-11D0-8D11-00A0C91BC942}") = "10871", "c++입문\c++입문.vcxproj", "{F7656857-5B9B-4DA6-9FF5-A171E5EE5343}"
EndProject
Project("{2150E333-8FDC-42A3-9474-1A3956D46DE8}") = "0x02", "0x02", "{16F00178-31CE-4484-8E95-24AA414BD613}"
	ProjectSection(SolutionItems) = preProject
		.gitkeep = .gitkeep
	EndProjectSection
EndProject
Project("{8BC9CEB8-8B4A-11D0-8D11-00A0C91BC942}") = "1000", "1000\1000.vcxproj", "{492D1899-45D8-468B-97CD-B791998CC859}"
EndProject
Project("{8BC9CEB8-8B4A-11D0-8D11-00A0C91BC942}") = "2557", "2557\2557.vcxproj", "{0A745792-5428-4394-9480-6F0C143EF4E8}"
EndProject
Project("{8BC9CEB8-8B4A-11D0-8D11-00A0C91BC942}") = "10171", "10171\10171.vcxproj", "{26839D79-593B-4ACB-ABDB-4B9F620B69D2}"
EndProject
Project("{8BC9CEB8-8B4A-11D0-8D11-00A0C91BC942}") = "10869", "10869\10869.vcxproj", "{252D1877-7CE7-41E5-AE94-DA364DF2D58E}"
EndProject
Project("{8BC9CEB8-8B4A-11D0-8D11-00A0C91BC942}") = "9498", "9498\9498.vcxproj", "{BA5E7461-CBA9-4982-84B9-73487E4E490E}"
EndProject
Project("{8BC9CEB8-8B4A-11D0-8D11-00A0C91BC942}") = "2752", "2752\2752.vcxproj", "{D8C32054-1B8A-463F-8A23-E3DB073B83E8}"
EndProject
Project("{8BC9CEB8-8B4A-11D0-8D11-00A0C91BC942}") = "2753", "2753\2753.vcxproj", "{4B827374-944F-4E40-B547-7F3F8618A2DF}"
EndProject
Project("{8BC9CEB8-8B4A-11D0-8D11-00A0C91BC942}") = "2480", "2480\2480.vcxproj", "{348B8618-0598-4EA3-94CB-974D57909E8F}"
EndProject
Project("{8BC9CEB8-8B4A-11D0-8D11-00A0C91BC942}") = "2490", "2490\2490.vcxproj", "{517B6D13-1E29-4C47-9CDB-83079AF9AC24}"
EndProject
Project("{8BC9CEB8-8B4A-11D0-8D11-00A0C91BC942}") = "2576", "2576\2576.vcxproj", "{723CA778-C15F-40F1-B21F-F12B66B34BFA}"
EndProject
Project("{8BC9CEB8-8B4A-11D0-8D11-00A0C91BC942}") = "2587", "2587\2587.vcxproj", "{9ACA9639-9D43-4635-AB62-83EC6D981B68}"
EndProject
Project("{8BC9CEB8-8B4A-11D0-8D11-00A0C91BC942}") = "2309", "2309\2309.vcxproj", "{ADA97E93-2CBD-4196-A505-306877228610}"
EndProject
Project("{8BC9CEB8-8B4A-11D0-8D11-00A0C91BC942}") = "10093", "10093\10093.vcxproj", "{14AC07E1-8B89-4429-B1B2-176654EBF160}"
EndProject
Project("{8BC9CEB8-8B4A-11D0-8D11-00A0C91BC942}") = "1267", "1267\1267.vcxproj", "{31F42CA0-09CB-4BA2-9487-AF40AC4CAA12}"
EndProject
Project("{8BC9CEB8-8B4A-11D0-8D11-00A0C91BC942}") = "10804", "10804\10804.vcxproj", "{E204A908-E901-4A8E-9F41-1D99B561BBD0}"
EndProject
Project("{8BC9CEB8-8B4A-11D0-8D11-00A0C91BC942}") = "15552", "15552\15552.vcxproj", "{25403DF8-8A8D-4760-AAE7-0F5BA5EB3217}"
EndProject
Project("{8BC9CEB8-8B4A-11D0-8D11-00A0C91BC942}") = "2438", "2438\2438.vcxproj", "{5C3E09EB-4FB0-49B4-8193-9DDC04C54BCC}"
EndProject
Project("{8BC9CEB8-8B4A-11D0-8D11-00A0C91BC942}") = "2439", "2439\2439.vcxproj", "{E10384AA-913C-4121-B570-45608D6BCBF6}"
EndProject
Project("{8BC9CEB8-8B4A-11D0-8D11-00A0C91BC942}") = "2440", "2440\2440.vcxproj", "{91694D8C-61C5-4DF8-BB2D-51A4F9558E4F}"
EndProject
Project("{8BC9CEB8-8B4A-11D0-8D11-00A0C91BC942}") = "2441", "2441\2441.vcxproj", "{4CFFD8B1-0CC0-4086-B566-4B231AB59229}"
EndProject
Project("{8BC9CEB8-8B4A-11D0-8D11-00A0C91BC942}") = "2442", "2442\2442.vcxproj", "{C37D84AB-5D51-4EAB-817C-3A61F9E0EB80}"
EndProject
Project("{8BC9CEB8-8B4A-11D0-8D11-00A0C91BC942}") = "2443", "2443\2443.vcxproj", "{9BCA9E76-00C1-4026-9C2E-CA34F209CE27}"
EndProject
Project("{8BC9CEB8-8B4A-11D0-8D11-00A0C91BC942}") = "2445", "2445\2445.vcxproj", "{D35C216E-EB63-42A8-B08C-7E1FB6383E11}"
EndProject
Project("{8BC9CEB8-8B4A-11D0-8D11-00A0C91BC942}") = "2446", "2446\2446.vcxproj", "{92C17A77-F35F-44D8-82EB-C1A5C69ECFC1}"
EndProject
Project("{8BC9CEB8-8B4A-11D0-8D11-00A0C91BC942}") = "2562", "2562\2562.vcxproj", "{2CBDDBB7-99C1-4CBB-BF02-613D26D65407}"
EndProject
Project("{2150E333-8FDC-42A3-9474-1A3956D46DE8}") = "0x03", "0x03", "{EEE311D2-6601-4FFF-978B-7F40F6AAD2F1}"
EndProject
Project("{8BC9CEB8-8B4A-11D0-8D11-00A0C91BC942}") = "practice", "1\1.vcxproj", "{39F889BA-A426-44D2-B4E0-F2E4708B5B8A}"
EndProject
Project("{8BC9CEB8-8B4A-11D0-8D11-00A0C91BC942}") = "10808", "10808\10808.vcxproj", "{CD36B0CD-3FA7-464B-83CF-488CCFE7FE60}"
EndProject
Project("{8BC9CEB8-8B4A-11D0-8D11-00A0C91BC942}") = "2577", "2577\2577.vcxproj", "{464D8A90-CFAD-4AD7-9BE6-8DCDA2F3470B}"
EndProject
Project("{8BC9CEB8-8B4A-11D0-8D11-00A0C91BC942}") = "1475", "1475\1475.vcxproj", "{9EAFFF8C-A21B-4002-BB0B-8C82F9ECFBA8}"
EndProject
Project("{8BC9CEB8-8B4A-11D0-8D11-00A0C91BC942}") = "3273_retry", "3273\3273.vcxproj", "{3A4C343A-479F-4F48-B179-5D313B11A5E3}"
EndProject
Project("{8BC9CEB8-8B4A-11D0-8D11-00A0C91BC942}") = "10807", "10807\10807.vcxproj", "{BEBE0D67-061A-444C-A3B9-6823B9E00943}"
EndProject
Project("{8BC9CEB8-8B4A-11D0-8D11-00A0C91BC942}") = "13300", "13300\13300.vcxproj", "{C4D5E5AD-F316-4034-A398-416A161FC370}"
EndProject
Project("{8BC9CEB8-8B4A-11D0-8D11-00A0C91BC942}") = "11328_정답코드 다시 확인", "11328\11328.vcxproj", "{C9D1E971-FAAE-436D-8C9B-329B0F2E17B6}"
EndProject
Project("{8BC9CEB8-8B4A-11D0-8D11-00A0C91BC942}") = "1919", "1919\1919.vcxproj", "{46F3A7C0-CD6B-46E3-A7B3-ED31FF6DA1DA}"
EndProject
Project("{2150E333-8FDC-42A3-9474-1A3956D46DE8}") = "0x04", "0x04", "{92961D31-87CD-4A57-8D5C-DDCD1526BFF0}"
EndProject
Project("{8BC9CEB8-8B4A-11D0-8D11-00A0C91BC942}") = "practice", "practice\practice.vcxproj", "{39D47EC4-742A-45B8-A353-2B1D0CEA4902}"
EndProject
Project("{8BC9CEB8-8B4A-11D0-8D11-00A0C91BC942}") = "1406_retry", "1406\1406.vcxproj", "{2337F603-AC99-489C-B7D6-B9FD6529AE64}"
EndProject
Project("{8BC9CEB8-8B4A-11D0-8D11-00A0C91BC942}") = "5397", "5397\5397.vcxproj", "{39ABEFF2-29C2-45DE-A403-CAFCBA30C88A}"
EndProject
Global
	GlobalSection(SolutionConfigurationPlatforms) = preSolution
		Debug|x64 = Debug|x64
		Debug|x86 = Debug|x86
		Release|x64 = Release|x64
		Release|x86 = Release|x86
	EndGlobalSection
	GlobalSection(ProjectConfigurationPlatforms) = postSolution
		{F7656857-5B9B-4DA6-9FF5-A171E5EE5343}.Debug|x64.ActiveCfg = Debug|x64
		{F7656857-5B9B-4DA6-9FF5-A171E5EE5343}.Debug|x64.Build.0 = Debug|x64
		{F7656857-5B9B-4DA6-9FF5-A171E5EE5343}.Debug|x86.ActiveCfg = Debug|Win32
		{F7656857-5B9B-4DA6-9FF5-A171E5EE5343}.Debug|x86.Build.0 = Debug|Win32
		{F7656857-5B9B-4DA6-9FF5-A171E5EE5343}.Release|x64.ActiveCfg = Release|x64
		{F7656857-5B9B-4DA6-9FF5-A171E5EE5343}.Release|x64.Build.0 = Release|x64
		{F7656857-5B9B-4DA6-9FF5-A171E5EE5343}.Release|x86.ActiveCfg = Release|Win32
		{F7656857-5B9B-4DA6-9FF5-A171E5EE5343}.Release|x86.Build.0 = Release|Win32
		{492D1899-45D8-468B-97CD-B791998CC859}.Debug|x64.ActiveCfg = Debug|x64
		{492D1899-45D8-468B-97CD-B791998CC859}.Debug|x64.Build.0 = Debug|x64
		{492D1899-45D8-468B-97CD-B791998CC859}.Debug|x86.ActiveCfg = Debug|Win32
		{492D1899-45D8-468B-97CD-B791998CC859}.Debug|x86.Build.0 = Debug|Win32
		{492D1899-45D8-468B-97CD-B791998CC859}.Release|x64.ActiveCfg = Release|x64
		{492D1899-45D8-468B-97CD-B791998CC859}.Release|x64.Build.0 = Release|x64
		{492D1899-45D8-468B-97CD-B791998CC859}.Release|x86.ActiveCfg = Release|Win32
		{492D1899-45D8-468B-97CD-B791998CC859}.Release|x86.Build.0 = Release|Win32
		{0A745792-5428-4394-9480-6F0C143EF4E8}.Debug|x64.ActiveCfg = Debug|x64
		{0A745792-5428-4394-9480-6F0C143EF4E8}.Debug|x64.Build.0 = Debug|x64
		{0A745792-5428-4394-9480-6F0C143EF4E8}.Debug|x86.ActiveCfg = Debug|Win32
		{0A745792-5428-4394-9480-6F0C143EF4E8}.Debug|x86.Build.0 = Debug|Win32
		{0A745792-5428-4394-9480-6F0C143EF4E8}.Release|x64.ActiveCfg = Release|x64
		{0A745792-5428-4394-9480-6F0C143EF4E8}.Release|x64.Build.0 = Release|x64
		{0A745792-5428-4394-9480-6F0C143EF4E8}.Release|x86.ActiveCfg = Release|Win32
		{0A745792-5428-4394-9480-6F0C143EF4E8}.Release|x86.Build.0 = Release|Win32
		{26839D79-593B-4ACB-ABDB-4B9F620B69D2}.Debug|x64.ActiveCfg = Debug|x64
		{26839D79-593B-4ACB-ABDB-4B9F620B69D2}.Debug|x64.Build.0 = Debug|x64
		{26839D79-593B-4ACB-ABDB-4B9F620B69D2}.Debug|x86.ActiveCfg = Debug|Win32
		{26839D79-593B-4ACB-ABDB-4B9F620B69D2}.Debug|x86.Build.0 = Debug|Win32
		{26839D79-593B-4ACB-ABDB-4B9F620B69D2}.Release|x64.ActiveCfg = Release|x64
		{26839D79-593B-4ACB-ABDB-4B9F620B69D2}.Release|x64.Build.0 = Release|x64
		{26839D79-593B-4ACB-ABDB-4B9F620B69D2}.Release|x86.ActiveCfg = Release|Win32
		{26839D79-593B-4ACB-ABDB-4B9F620B69D2}.Release|x86.Build.0 = Release|Win32
		{252D1877-7CE7-41E5-AE94-DA364DF2D58E}.Debug|x64.ActiveCfg = Debug|x64
		{252D1877-7CE7-41E5-AE94-DA364DF2D58E}.Debug|x64.Build.0 = Debug|x64
		{252D1877-7CE7-41E5-AE94-DA364DF2D58E}.Debug|x86.ActiveCfg = Debug|Win32
		{252D1877-7CE7-41E5-AE94-DA364DF2D58E}.Debug|x86.Build.0 = Debug|Win32
		{252D1877-7CE7-41E5-AE94-DA364DF2D58E}.Release|x64.ActiveCfg = Release|x64
		{252D1877-7CE7-41E5-AE94-DA364DF2D58E}.Release|x64.Build.0 = Release|x64
		{252D1877-7CE7-41E5-AE94-DA364DF2D58E}.Release|x86.ActiveCfg = Release|Win32
		{252D1877-7CE7-41E5-AE94-DA364DF2D58E}.Release|x86.Build.0 = Release|Win32
		{BA5E7461-CBA9-4982-84B9-73487E4E490E}.Debug|x64.ActiveCfg = Debug|x64
		{BA5E7461-CBA9-4982-84B9-73487E4E490E}.Debug|x64.Build.0 = Debug|x64
		{BA5E7461-CBA9-4982-84B9-73487E4E490E}.Debug|x86.ActiveCfg = Debug|Win32
		{BA5E7461-CBA9-4982-84B9-73487E4E490E}.Debug|x86.Build.0 = Debug|Win32
		{BA5E7461-CBA9-4982-84B9-73487E4E490E}.Release|x64.ActiveCfg = Release|x64
		{BA5E7461-CBA9-4982-84B9-73487E4E490E}.Release|x64.Build.0 = Release|x64
		{BA5E7461-CBA9-4982-84B9-73487E4E490E}.Release|x86.ActiveCfg = Release|Win32
		{BA5E7461-CBA9-4982-84B9-73487E4E490E}.Release|x86.Build.0 = Release|Win32
		{D8C32054-1B8A-463F-8A23-E3DB073B83E8}.Debug|x64.ActiveCfg = Debug|x64
		{D8C32054-1B8A-463F-8A23-E3DB073B83E8}.Debug|x64.Build.0 = Debug|x64
		{D8C32054-1B8A-463F-8A23-E3DB073B83E8}.Debug|x86.ActiveCfg = Debug|Win32
		{D8C32054-1B8A-463F-8A23-E3DB073B83E8}.Debug|x86.Build.0 = Debug|Win32
		{D8C32054-1B8A-463F-8A23-E3DB073B83E8}.Release|x64.ActiveCfg = Release|x64
		{D8C32054-1B8A-463F-8A23-E3DB073B83E8}.Release|x64.Build.0 = Release|x64
		{D8C32054-1B8A-463F-8A23-E3DB073B83E8}.Release|x86.ActiveCfg = Release|Win32
		{D8C32054-1B8A-463F-8A23-E3DB073B83E8}.Release|x86.Build.0 = Release|Win32
		{4B827374-944F-4E40-B547-7F3F8618A2DF}.Debug|x64.ActiveCfg = Debug|x64
		{4B827374-944F-4E40-B547-7F3F8618A2DF}.Debug|x64.Build.0 = Debug|x64
		{4B827374-944F-4E40-B547-7F3F8618A2DF}.Debug|x86.ActiveCfg = Debug|Win32
		{4B827374-944F-4E40-B547-7F3F8618A2DF}.Debug|x86.Build.0 = Debug|Win32
		{4B827374-944F-4E40-B547-7F3F8618A2DF}.Release|x64.ActiveCfg = Release|x64
		{4B827374-944F-4E40-B547-7F3F8618A2DF}.Release|x64.Build.0 = Release|x64
		{4B827374-944F-4E40-B547-7F3F8618A2DF}.Release|x86.ActiveCfg = Release|Win32
		{4B827374-944F-4E40-B547-7F3F8618A2DF}.Release|x86.Build.0 = Release|Win32
		{348B8618-0598-4EA3-94CB-974D57909E8F}.Debug|x64.ActiveCfg = Debug|x64
		{348B8618-0598-4EA3-94CB-974D57909E8F}.Debug|x64.Build.0 = Debug|x64
		{348B8618-0598-4EA3-94CB-974D57909E8F}.Debug|x86.ActiveCfg = Debug|Win32
		{348B8618-0598-4EA3-94CB-974D57909E8F}.Debug|x86.Build.0 = Debug|Win32
		{348B8618-0598-4EA3-94CB-974D57909E8F}.Release|x64.ActiveCfg = Release|x64
		{348B8618-0598-4EA3-94CB-974D57909E8F}.Release|x64.Build.0 = Release|x64
		{348B8618-0598-4EA3-94CB-974D57909E8F}.Release|x86.ActiveCfg = Release|Win32
		{348B8618-0598-4EA3-94CB-974D57909E8F}.Release|x86.Build.0 = Release|Win32
		{517B6D13-1E29-4C47-9CDB-83079AF9AC24}.Debug|x64.ActiveCfg = Debug|x64
		{517B6D13-1E29-4C47-9CDB-83079AF9AC24}.Debug|x64.Build.0 = Debug|x64
		{517B6D13-1E29-4C47-9CDB-83079AF9AC24}.Debug|x86.ActiveCfg = Debug|Win32
		{517B6D13-1E29-4C47-9CDB-83079AF9AC24}.Debug|x86.Build.0 = Debug|Win32
		{517B6D13-1E29-4C47-9CDB-83079AF9AC24}.Release|x64.ActiveCfg = Release|x64
		{517B6D13-1E29-4C47-9CDB-83079AF9AC24}.Release|x64.Build.0 = Release|x64
		{517B6D13-1E29-4C47-9CDB-83079AF9AC24}.Release|x86.ActiveCfg = Release|Win32
		{517B6D13-1E29-4C47-9CDB-83079AF9AC24}.Release|x86.Build.0 = Release|Win32
		{723CA778-C15F-40F1-B21F-F12B66B34BFA}.Debug|x64.ActiveCfg = Debug|x64
		{723CA778-C15F-40F1-B21F-F12B66B34BFA}.Debug|x64.Build.0 = Debug|x64
		{723CA778-C15F-40F1-B21F-F12B66B34BFA}.Debug|x86.ActiveCfg = Debug|Win32
		{723CA778-C15F-40F1-B21F-F12B66B34BFA}.Debug|x86.Build.0 = Debug|Win32
		{723CA778-C15F-40F1-B21F-F12B66B34BFA}.Release|x64.ActiveCfg = Release|x64
		{723CA778-C15F-40F1-B21F-F12B66B34BFA}.Release|x64.Build.0 = Release|x64
		{723CA778-C15F-40F1-B21F-F12B66B34BFA}.Release|x86.ActiveCfg = Release|Win32
		{723CA778-C15F-40F1-B21F-F12B66B34BFA}.Release|x86.Build.0 = Release|Win32
		{9ACA9639-9D43-4635-AB62-83EC6D981B68}.Debug|x64.ActiveCfg = Debug|x64
		{9ACA9639-9D43-4635-AB62-83EC6D981B68}.Debug|x64.Build.0 = Debug|x64
		{9ACA9639-9D43-4635-AB62-83EC6D981B68}.Debug|x86.ActiveCfg = Debug|Win32
		{9ACA9639-9D43-4635-AB62-83EC6D981B68}.Debug|x86.Build.0 = Debug|Win32
		{9ACA9639-9D43-4635-AB62-83EC6D981B68}.Release|x64.ActiveCfg = Release|x64
		{9ACA9639-9D43-4635-AB62-83EC6D981B68}.Release|x64.Build.0 = Release|x64
		{9ACA9639-9D43-4635-AB62-83EC6D981B68}.Release|x86.ActiveCfg = Release|Win32
		{9ACA9639-9D43-4635-AB62-83EC6D981B68}.Release|x86.Build.0 = Release|Win32
		{ADA97E93-2CBD-4196-A505-306877228610}.Debug|x64.ActiveCfg = Debug|x64
		{ADA97E93-2CBD-4196-A505-306877228610}.Debug|x64.Build.0 = Debug|x64
		{ADA97E93-2CBD-4196-A505-306877228610}.Debug|x86.ActiveCfg = Debug|Win32
		{ADA97E93-2CBD-4196-A505-306877228610}.Debug|x86.Build.0 = Debug|Win32
		{ADA97E93-2CBD-4196-A505-306877228610}.Release|x64.ActiveCfg = Release|x64
		{ADA97E93-2CBD-4196-A505-306877228610}.Release|x64.Build.0 = Release|x64
		{ADA97E93-2CBD-4196-A505-306877228610}.Release|x86.ActiveCfg = Release|Win32
		{ADA97E93-2CBD-4196-A505-306877228610}.Release|x86.Build.0 = Release|Win32
		{14AC07E1-8B89-4429-B1B2-176654EBF160}.Debug|x64.ActiveCfg = Debug|x64
		{14AC07E1-8B89-4429-B1B2-176654EBF160}.Debug|x64.Build.0 = Debug|x64
		{14AC07E1-8B89-4429-B1B2-176654EBF160}.Debug|x86.ActiveCfg = Debug|Win32
		{14AC07E1-8B89-4429-B1B2-176654EBF160}.Debug|x86.Build.0 = Debug|Win32
		{14AC07E1-8B89-4429-B1B2-176654EBF160}.Release|x64.ActiveCfg = Release|x64
		{14AC07E1-8B89-4429-B1B2-176654EBF160}.Release|x64.Build.0 = Release|x64
		{14AC07E1-8B89-4429-B1B2-176654EBF160}.Release|x86.ActiveCfg = Release|Win32
		{14AC07E1-8B89-4429-B1B2-176654EBF160}.Release|x86.Build.0 = Release|Win32
		{31F42CA0-09CB-4BA2-9487-AF40AC4CAA12}.Debug|x64.ActiveCfg = Debug|x64
		{31F42CA0-09CB-4BA2-9487-AF40AC4CAA12}.Debug|x64.Build.0 = Debug|x64
		{31F42CA0-09CB-4BA2-9487-AF40AC4CAA12}.Debug|x86.ActiveCfg = Debug|Win32
		{31F42CA0-09CB-4BA2-9487-AF40AC4CAA12}.Debug|x86.Build.0 = Debug|Win32
		{31F42CA0-09CB-4BA2-9487-AF40AC4CAA12}.Release|x64.ActiveCfg = Release|x64
		{31F42CA0-09CB-4BA2-9487-AF40AC4CAA12}.Release|x64.Build.0 = Release|x64
		{31F42CA0-09CB-4BA2-9487-AF40AC4CAA12}.Release|x86.ActiveCfg = Release|Win32
		{31F42CA0-09CB-4BA2-9487-AF40AC4CAA12}.Release|x86.Build.0 = Release|Win32
		{E204A908-E901-4A8E-9F41-1D99B561BBD0}.Debug|x64.ActiveCfg = Debug|x64
		{E204A908-E901-4A8E-9F41-1D99B561BBD0}.Debug|x64.Build.0 = Debug|x64
		{E204A908-E901-4A8E-9F41-1D99B561BBD0}.Debug|x86.ActiveCfg = Debug|Win32
		{E204A908-E901-4A8E-9F41-1D99B561BBD0}.Debug|x86.Build.0 = Debug|Win32
		{E204A908-E901-4A8E-9F41-1D99B561BBD0}.Release|x64.ActiveCfg = Release|x64
		{E204A908-E901-4A8E-9F41-1D99B561BBD0}.Release|x64.Build.0 = Release|x64
		{E204A908-E901-4A8E-9F41-1D99B561BBD0}.Release|x86.ActiveCfg = Release|Win32
		{E204A908-E901-4A8E-9F41-1D99B561BBD0}.Release|x86.Build.0 = Release|Win32
		{25403DF8-8A8D-4760-AAE7-0F5BA5EB3217}.Debug|x64.ActiveCfg = Debug|x64
		{25403DF8-8A8D-4760-AAE7-0F5BA5EB3217}.Debug|x64.Build.0 = Debug|x64
		{25403DF8-8A8D-4760-AAE7-0F5BA5EB3217}.Debug|x86.ActiveCfg = Debug|Win32
		{25403DF8-8A8D-4760-AAE7-0F5BA5EB3217}.Debug|x86.Build.0 = Debug|Win32
		{25403DF8-8A8D-4760-AAE7-0F5BA5EB3217}.Release|x64.ActiveCfg = Release|x64
		{25403DF8-8A8D-4760-AAE7-0F5BA5EB3217}.Release|x64.Build.0 = Release|x64
		{25403DF8-8A8D-4760-AAE7-0F5BA5EB3217}.Release|x86.ActiveCfg = Release|Win32
		{25403DF8-8A8D-4760-AAE7-0F5BA5EB3217}.Release|x86.Build.0 = Release|Win32
		{5C3E09EB-4FB0-49B4-8193-9DDC04C54BCC}.Debug|x64.ActiveCfg = Debug|x64
		{5C3E09EB-4FB0-49B4-8193-9DDC04C54BCC}.Debug|x64.Build.0 = Debug|x64
		{5C3E09EB-4FB0-49B4-8193-9DDC04C54BCC}.Debug|x86.ActiveCfg = Debug|Win32
		{5C3E09EB-4FB0-49B4-8193-9DDC04C54BCC}.Debug|x86.Build.0 = Debug|Win32
		{5C3E09EB-4FB0-49B4-8193-9DDC04C54BCC}.Release|x64.ActiveCfg = Release|x64
		{5C3E09EB-4FB0-49B4-8193-9DDC04C54BCC}.Release|x64.Build.0 = Release|x64
		{5C3E09EB-4FB0-49B4-8193-9DDC04C54BCC}.Release|x86.ActiveCfg = Release|Win32
		{5C3E09EB-4FB0-49B4-8193-9DDC04C54BCC}.Release|x86.Build.0 = Release|Win32
		{E10384AA-913C-4121-B570-45608D6BCBF6}.Debug|x64.ActiveCfg = Debug|x64
		{E10384AA-913C-4121-B570-45608D6BCBF6}.Debug|x64.Build.0 = Debug|x64
		{E10384AA-913C-4121-B570-45608D6BCBF6}.Debug|x86.ActiveCfg = Debug|Win32
		{E10384AA-913C-4121-B570-45608D6BCBF6}.Debug|x86.Build.0 = Debug|Win32
		{E10384AA-913C-4121-B570-45608D6BCBF6}.Release|x64.ActiveCfg = Release|x64
		{E10384AA-913C-4121-B570-45608D6BCBF6}.Release|x64.Build.0 = Release|x64
		{E10384AA-913C-4121-B570-45608D6BCBF6}.Release|x86.ActiveCfg = Release|Win32
		{E10384AA-913C-4121-B570-45608D6BCBF6}.Release|x86.Build.0 = Release|Win32
		{91694D8C-61C5-4DF8-BB2D-51A4F9558E4F}.Debug|x64.ActiveCfg = Debug|x64
		{91694D8C-61C5-4DF8-BB2D-51A4F9558E4F}.Debug|x64.Build.0 = Debug|x64
		{91694D8C-61C5-4DF8-BB2D-51A4F9558E4F}.Debug|x86.ActiveCfg = Debug|Win32
		{91694D8C-61C5-4DF8-BB2D-51A4F9558E4F}.Debug|x86.Build.0 = Debug|Win32
		{91694D8C-61C5-4DF8-BB2D-51A4F9558E4F}.Release|x64.ActiveCfg = Release|x64
		{91694D8C-61C5-4DF8-BB2D-51A4F9558E4F}.Release|x64.Build.0 = Release|x64
		{91694D8C-61C5-4DF8-BB2D-51A4F9558E4F}.Release|x86.ActiveCfg = Release|Win32
		{91694D8C-61C5-4DF8-BB2D-51A4F9558E4F}.Release|x86.Build.0 = Release|Win32
		{4CFFD8B1-0CC0-4086-B566-4B231AB59229}.Debug|x64.ActiveCfg = Debug|x64
		{4CFFD8B1-0CC0-4086-B566-4B231AB59229}.Debug|x64.Build.0 = Debug|x64
		{4CFFD8B1-0CC0-4086-B566-4B231AB59229}.Debug|x86.ActiveCfg = Debug|Win32
		{4CFFD8B1-0CC0-4086-B566-4B231AB59229}.Debug|x86.Build.0 = Debug|Win32
		{4CFFD8B1-0CC0-4086-B566-4B231AB59229}.Release|x64.ActiveCfg = Release|x64
		{4CFFD8B1-0CC0-4086-B566-4B231AB59229}.Release|x64.Build.0 = Release|x64
		{4CFFD8B1-0CC0-4086-B566-4B231AB59229}.Release|x86.ActiveCfg = Release|Win32
		{4CFFD8B1-0CC0-4086-B566-4B231AB59229}.Release|x86.Build.0 = Release|Win32
		{C37D84AB-5D51-4EAB-817C-3A61F9E0EB80}.Debug|x64.ActiveCfg = Debug|x64
		{C37D84AB-5D51-4EAB-817C-3A61F9E0EB80}.Debug|x64.Build.0 = Debug|x64
		{C37D84AB-5D51-4EAB-817C-3A61F9E0EB80}.Debug|x86.ActiveCfg = Debug|Win32
		{C37D84AB-5D51-4EAB-817C-3A61F9E0EB80}.Debug|x86.Build.0 = Debug|Win32
		{C37D84AB-5D51-4EAB-817C-3A61F9E0EB80}.Release|x64.ActiveCfg = Release|x64
		{C37D84AB-5D51-4EAB-817C-3A61F9E0EB80}.Release|x64.Build.0 = Release|x64
		{C37D84AB-5D51-4EAB-817C-3A61F9E0EB80}.Release|x86.ActiveCfg = Release|Win32
		{C37D84AB-5D51-4EAB-817C-3A61F9E0EB80}.Release|x86.Build.0 = Release|Win32
		{9BCA9E76-00C1-4026-9C2E-CA34F209CE27}.Debug|x64.ActiveCfg = Debug|x64
		{9BCA9E76-00C1-4026-9C2E-CA34F209CE27}.Debug|x64.Build.0 = Debug|x64
		{9BCA9E76-00C1-4026-9C2E-CA34F209CE27}.Debug|x86.ActiveCfg = Debug|Win32
		{9BCA9E76-00C1-4026-9C2E-CA34F209CE27}.Debug|x86.Build.0 = Debug|Win32
		{9BCA9E76-00C1-4026-9C2E-CA34F209CE27}.Release|x64.ActiveCfg = Release|x64
		{9BCA9E76-00C1-4026-9C2E-CA34F209CE27}.Release|x64.Build.0 = Release|x64
		{9BCA9E76-00C1-4026-9C2E-CA34F209CE27}.Release|x86.ActiveCfg = Release|Win32
		{9BCA9E76-00C1-4026-9C2E-CA34F209CE27}.Release|x86.Build.0 = Release|Win32
		{D35C216E-EB63-42A8-B08C-7E1FB6383E11}.Debug|x64.ActiveCfg = Debug|x64
		{D35C216E-EB63-42A8-B08C-7E1FB6383E11}.Debug|x64.Build.0 = Debug|x64
		{D35C216E-EB63-42A8-B08C-7E1FB6383E11}.Debug|x86.ActiveCfg = Debug|Win32
		{D35C216E-EB63-42A8-B08C-7E1FB6383E11}.Debug|x86.Build.0 = Debug|Win32
		{D35C216E-EB63-42A8-B08C-7E1FB6383E11}.Release|x64.ActiveCfg = Release|x64
		{D35C216E-EB63-42A8-B08C-7E1FB6383E11}.Release|x64.Build.0 = Release|x64
		{D35C216E-EB63-42A8-B08C-7E1FB6383E11}.Release|x86.ActiveCfg = Release|Win32
		{D35C216E-EB63-42A8-B08C-7E1FB6383E11}.Release|x86.Build.0 = Release|Win32
		{92C17A77-F35F-44D8-82EB-C1A5C69ECFC1}.Debug|x64.ActiveCfg = Debug|x64
		{92C17A77-F35F-44D8-82EB-C1A5C69ECFC1}.Debug|x64.Build.0 = Debug|x64
		{92C17A77-F35F-44D8-82EB-C1A5C69ECFC1}.Debug|x86.ActiveCfg = Debug|Win32
		{92C17A77-F35F-44D8-82EB-C1A5C69ECFC1}.Debug|x86.Build.0 = Debug|Win32
		{92C17A77-F35F-44D8-82EB-C1A5C69ECFC1}.Release|x64.ActiveCfg = Release|x64
		{92C17A77-F35F-44D8-82EB-C1A5C69ECFC1}.Release|x64.Build.0 = Release|x64
		{92C17A77-F35F-44D8-82EB-C1A5C69ECFC1}.Release|x86.ActiveCfg = Release|Win32
		{92C17A77-F35F-44D8-82EB-C1A5C69ECFC1}.Release|x86.Build.0 = Release|Win32
		{2CBDDBB7-99C1-4CBB-BF02-613D26D65407}.Debug|x64.ActiveCfg = Debug|x64
		{2CBDDBB7-99C1-4CBB-BF02-613D26D65407}.Debug|x64.Build.0 = Debug|x64
		{2CBDDBB7-99C1-4CBB-BF02-613D26D65407}.Debug|x86.ActiveCfg = Debug|Win32
		{2CBDDBB7-99C1-4CBB-BF02-613D26D65407}.Debug|x86.Build.0 = Debug|Win32
		{2CBDDBB7-99C1-4CBB-BF02-613D26D65407}.Release|x64.ActiveCfg = Release|x64
		{2CBDDBB7-99C1-4CBB-BF02-613D26D65407}.Release|x64.Build.0 = Release|x64
		{2CBDDBB7-99C1-4CBB-BF02-613D26D65407}.Release|x86.ActiveCfg = Release|Win32
		{2CBDDBB7-99C1-4CBB-BF02-613D26D65407}.Release|x86.Build.0 = Release|Win32
		{39F889BA-A426-44D2-B4E0-F2E4708B5B8A}.Debug|x64.ActiveCfg = Debug|x64
		{39F889BA-A426-44D2-B4E0-F2E4708B5B8A}.Debug|x64.Build.0 = Debug|x64
		{39F889BA-A426-44D2-B4E0-F2E4708B5B8A}.Debug|x86.ActiveCfg = Debug|Win32
		{39F889BA-A426-44D2-B4E0-F2E4708B5B8A}.Debug|x86.Build.0 = Debug|Win32
		{39F889BA-A426-44D2-B4E0-F2E4708B5B8A}.Release|x64.ActiveCfg = Release|x64
		{39F889BA-A426-44D2-B4E0-F2E4708B5B8A}.Release|x64.Build.0 = Release|x64
		{39F889BA-A426-44D2-B4E0-F2E4708B5B8A}.Release|x86.ActiveCfg = Release|Win32
		{39F889BA-A426-44D2-B4E0-F2E4708B5B8A}.Release|x86.Build.0 = Release|Win32
		{CD36B0CD-3FA7-464B-83CF-488CCFE7FE60}.Debug|x64.ActiveCfg = Debug|x64
		{CD36B0CD-3FA7-464B-83CF-488CCFE7FE60}.Debug|x64.Build.0 = Debug|x64
		{CD36B0CD-3FA7-464B-83CF-488CCFE7FE60}.Debug|x86.ActiveCfg = Debug|Win32
		{CD36B0CD-3FA7-464B-83CF-488CCFE7FE60}.Debug|x86.Build.0 = Debug|Win32
		{CD36B0CD-3FA7-464B-83CF-488CCFE7FE60}.Release|x64.ActiveCfg = Release|x64
		{CD36B0CD-3FA7-464B-83CF-488CCFE7FE60}.Release|x64.Build.0 = Release|x64
		{CD36B0CD-3FA7-464B-83CF-488CCFE7FE60}.Release|x86.ActiveCfg = Release|Win32
		{CD36B0CD-3FA7-464B-83CF-488CCFE7FE60}.Release|x86.Build.0 = Release|Win32
		{464D8A90-CFAD-4AD7-9BE6-8DCDA2F3470B}.Debug|x64.ActiveCfg = Debug|x64
		{464D8A90-CFAD-4AD7-9BE6-8DCDA2F3470B}.Debug|x64.Build.0 = Debug|x64
		{464D8A90-CFAD-4AD7-9BE6-8DCDA2F3470B}.Debug|x86.ActiveCfg = Debug|Win32
		{464D8A90-CFAD-4AD7-9BE6-8DCDA2F3470B}.Debug|x86.Build.0 = Debug|Win32
		{464D8A90-CFAD-4AD7-9BE6-8DCDA2F3470B}.Release|x64.ActiveCfg = Release|x64
		{464D8A90-CFAD-4AD7-9BE6-8DCDA2F3470B}.Release|x64.Build.0 = Release|x64
		{464D8A90-CFAD-4AD7-9BE6-8DCDA2F3470B}.Release|x86.ActiveCfg = Release|Win32
		{464D8A90-CFAD-4AD7-9BE6-8DCDA2F3470B}.Release|x86.Build.0 = Release|Win32
		{9EAFFF8C-A21B-4002-BB0B-8C82F9ECFBA8}.Debug|x64.ActiveCfg = Debug|x64
		{9EAFFF8C-A21B-4002-BB0B-8C82F9ECFBA8}.Debug|x64.Build.0 = Debug|x64
		{9EAFFF8C-A21B-4002-BB0B-8C82F9ECFBA8}.Debug|x86.ActiveCfg = Debug|Win32
		{9EAFFF8C-A21B-4002-BB0B-8C82F9ECFBA8}.Debug|x86.Build.0 = Debug|Win32
		{9EAFFF8C-A21B-4002-BB0B-8C82F9ECFBA8}.Release|x64.ActiveCfg = Release|x64
		{9EAFFF8C-A21B-4002-BB0B-8C82F9ECFBA8}.Release|x64.Build.0 = Release|x64
		{9EAFFF8C-A21B-4002-BB0B-8C82F9ECFBA8}.Release|x86.ActiveCfg = Release|Win32
		{9EAFFF8C-A21B-4002-BB0B-8C82F9ECFBA8}.Release|x86.Build.0 = Release|Win32
		{3A4C343A-479F-4F48-B179-5D313B11A5E3}.Debug|x64.ActiveCfg = Debug|x64
		{3A4C343A-479F-4F48-B179-5D313B11A5E3}.Debug|x64.Build.0 = Debug|x64
		{3A4C343A-479F-4F48-B179-5D313B11A5E3}.Debug|x86.ActiveCfg = Debug|Win32
		{3A4C343A-479F-4F48-B179-5D313B11A5E3}.Debug|x86.Build.0 = Debug|Win32
		{3A4C343A-479F-4F48-B179-5D313B11A5E3}.Release|x64.ActiveCfg = Release|x64
		{3A4C343A-479F-4F48-B179-5D313B11A5E3}.Release|x64.Build.0 = Release|x64
		{3A4C343A-479F-4F48-B179-5D313B11A5E3}.Release|x86.ActiveCfg = Release|Win32
		{3A4C343A-479F-4F48-B179-5D313B11A5E3}.Release|x86.Build.0 = Release|Win32
		{BEBE0D67-061A-444C-A3B9-6823B9E00943}.Debug|x64.ActiveCfg = Debug|x64
		{BEBE0D67-061A-444C-A3B9-6823B9E00943}.Debug|x64.Build.0 = Debug|x64
		{BEBE0D67-061A-444C-A3B9-6823B9E00943}.Debug|x86.ActiveCfg = Debug|Win32
		{BEBE0D67-061A-444C-A3B9-6823B9E00943}.Debug|x86.Build.0 = Debug|Win32
		{BEBE0D67-061A-444C-A3B9-6823B9E00943}.Release|x64.ActiveCfg = Release|x64
		{BEBE0D67-061A-444C-A3B9-6823B9E00943}.Release|x64.Build.0 = Release|x64
		{BEBE0D67-061A-444C-A3B9-6823B9E00943}.Release|x86.ActiveCfg = Release|Win32
		{BEBE0D67-061A-444C-A3B9-6823B9E00943}.Release|x86.Build.0 = Release|Win32
		{C4D5E5AD-F316-4034-A398-416A161FC370}.Debug|x64.ActiveCfg = Debug|x64
		{C4D5E5AD-F316-4034-A398-416A161FC370}.Debug|x64.Build.0 = Debug|x64
		{C4D5E5AD-F316-4034-A398-416A161FC370}.Debug|x86.ActiveCfg = Debug|Win32
		{C4D5E5AD-F316-4034-A398-416A161FC370}.Debug|x86.Build.0 = Debug|Win32
		{C4D5E5AD-F316-4034-A398-416A161FC370}.Release|x64.ActiveCfg = Release|x64
		{C4D5E5AD-F316-4034-A398-416A161FC370}.Release|x64.Build.0 = Release|x64
		{C4D5E5AD-F316-4034-A398-416A161FC370}.Release|x86.ActiveCfg = Release|Win32
		{C4D5E5AD-F316-4034-A398-416A161FC370}.Release|x86.Build.0 = Release|Win32
		{C9D1E971-FAAE-436D-8C9B-329B0F2E17B6}.Debug|x64.ActiveCfg = Debug|x64
		{C9D1E971-FAAE-436D-8C9B-329B0F2E17B6}.Debug|x64.Build.0 = Debug|x64
		{C9D1E971-FAAE-436D-8C9B-329B0F2E17B6}.Debug|x86.ActiveCfg = Debug|Win32
		{C9D1E971-FAAE-436D-8C9B-329B0F2E17B6}.Debug|x86.Build.0 = Debug|Win32
		{C9D1E971-FAAE-436D-8C9B-329B0F2E17B6}.Release|x64.ActiveCfg = Release|x64
		{C9D1E971-FAAE-436D-8C9B-329B0F2E17B6}.Release|x64.Build.0 = Release|x64
		{C9D1E971-FAAE-436D-8C9B-329B0F2E17B6}.Release|x86.ActiveCfg = Release|Win32
		{C9D1E971-FAAE-436D-8C9B-329B0F2E17B6}.Release|x86.Build.0 = Release|Win32
		{46F3A7C0-CD6B-46E3-A7B3-ED31FF6DA1DA}.Debug|x64.ActiveCfg = Debug|x64
		{46F3A7C0-CD6B-46E3-A7B3-ED31FF6DA1DA}.Debug|x64.Build.0 = Debug|x64
		{46F3A7C0-CD6B-46E3-A7B3-ED31FF6DA1DA}.Debug|x86.ActiveCfg = Debug|Win32
		{46F3A7C0-CD6B-46E3-A7B3-ED31FF6DA1DA}.Debug|x86.Build.0 = Debug|Win32
		{46F3A7C0-CD6B-46E3-A7B3-ED31FF6DA1DA}.Release|x64.ActiveCfg = Release|x64
		{46F3A7C0-CD6B-46E3-A7B3-ED31FF6DA1DA}.Release|x64.Build.0 = Release|x64
		{46F3A7C0-CD6B-46E3-A7B3-ED31FF6DA1DA}.Release|x86.ActiveCfg = Release|Win32
		{46F3A7C0-CD6B-46E3-A7B3-ED31FF6DA1DA}.Release|x86.Build.0 = Release|Win32
		{39D47EC4-742A-45B8-A353-2B1D0CEA4902}.Debug|x64.ActiveCfg = Debug|x64
		{39D47EC4-742A-45B8-A353-2B1D0CEA4902}.Debug|x64.Build.0 = Debug|x64
		{39D47EC4-742A-45B8-A353-2B1D0CEA4902}.Debug|x86.ActiveCfg = Debug|Win32
		{39D47EC4-742A-45B8-A353-2B1D0CEA4902}.Debug|x86.Build.0 = Debug|Win32
		{39D47EC4-742A-45B8-A353-2B1D0CEA4902}.Release|x64.ActiveCfg = Release|x64
		{39D47EC4-742A-45B8-A353-2B1D0CEA4902}.Release|x64.Build.0 = Release|x64
		{39D47EC4-742A-45B8-A353-2B1D0CEA4902}.Release|x86.ActiveCfg = Release|Win32
		{39D47EC4-742A-45B8-A353-2B1D0CEA4902}.Release|x86.Build.0 = Release|Win32
		{2337F603-AC99-489C-B7D6-B9FD6529AE64}.Debug|x64.ActiveCfg = Debug|x64
		{2337F603-AC99-489C-B7D6-B9FD6529AE64}.Debug|x64.Build.0 = Debug|x64
		{2337F603-AC99-489C-B7D6-B9FD6529AE64}.Debug|x86.ActiveCfg = Debug|Win32
		{2337F603-AC99-489C-B7D6-B9FD6529AE64}.Debug|x86.Build.0 = Debug|Win32
		{2337F603-AC99-489C-B7D6-B9FD6529AE64}.Release|x64.ActiveCfg = Release|x64
		{2337F603-AC99-489C-B7D6-B9FD6529AE64}.Release|x64.Build.0 = Release|x64
		{2337F603-AC99-489C-B7D6-B9FD6529AE64}.Release|x86.ActiveCfg = Release|Win32
		{2337F603-AC99-489C-B7D6-B9FD6529AE64}.Release|x86.Build.0 = Release|Win32
		{39ABEFF2-29C2-45DE-A403-CAFCBA30C88A}.Debug|x64.ActiveCfg = Debug|x64
		{39ABEFF2-29C2-45DE-A403-CAFCBA30C88A}.Debug|x64.Build.0 = Debug|x64
		{39ABEFF2-29C2-45DE-A403-CAFCBA30C88A}.Debug|x86.ActiveCfg = Debug|Win32
		{39ABEFF2-29C2-45DE-A403-CAFCBA30C88A}.Debug|x86.Build.0 = Debug|Win32
		{39ABEFF2-29C2-45DE-A403-CAFCBA30C88A}.Release|x64.ActiveCfg = Release|x64
		{39ABEFF2-29C2-45DE-A403-CAFCBA30C88A}.Release|x64.Build.0 = Release|x64
		{39ABEFF2-29C2-45DE-A403-CAFCBA30C88A}.Release|x86.ActiveCfg = Release|Win32
		{39ABEFF2-29C2-45DE-A403-CAFCBA30C88A}.Release|x86.Build.0 = Release|Win32
	EndGlobalSection
	GlobalSection(SolutionProperties) = preSolution
		HideSolutionNode = FALSE
	EndGlobalSection
	GlobalSection(NestedProjects) = preSolution
		{F7656857-5B9B-4DA6-9FF5-A171E5EE5343} = {16F00178-31CE-4484-8E95-24AA414BD613}
		{492D1899-45D8-468B-97CD-B791998CC859} = {16F00178-31CE-4484-8E95-24AA414BD613}
		{0A745792-5428-4394-9480-6F0C143EF4E8} = {16F00178-31CE-4484-8E95-24AA414BD613}
		{26839D79-593B-4ACB-ABDB-4B9F620B69D2} = {16F00178-31CE-4484-8E95-24AA414BD613}
		{252D1877-7CE7-41E5-AE94-DA364DF2D58E} = {16F00178-31CE-4484-8E95-24AA414BD613}
		{BA5E7461-CBA9-4982-84B9-73487E4E490E} = {16F00178-31CE-4484-8E95-24AA414BD613}
		{D8C32054-1B8A-463F-8A23-E3DB073B83E8} = {16F00178-31CE-4484-8E95-24AA414BD613}
		{4B827374-944F-4E40-B547-7F3F8618A2DF} = {16F00178-31CE-4484-8E95-24AA414BD613}
		{348B8618-0598-4EA3-94CB-974D57909E8F} = {16F00178-31CE-4484-8E95-24AA414BD613}
		{517B6D13-1E29-4C47-9CDB-83079AF9AC24} = {16F00178-31CE-4484-8E95-24AA414BD613}
		{723CA778-C15F-40F1-B21F-F12B66B34BFA} = {16F00178-31CE-4484-8E95-24AA414BD613}
		{9ACA9639-9D43-4635-AB62-83EC6D981B68} = {16F00178-31CE-4484-8E95-24AA414BD613}
		{ADA97E93-2CBD-4196-A505-306877228610} = {16F00178-31CE-4484-8E95-24AA414BD613}
		{14AC07E1-8B89-4429-B1B2-176654EBF160} = {16F00178-31CE-4484-8E95-24AA414BD613}
		{31F42CA0-09CB-4BA2-9487-AF40AC4CAA12} = {16F00178-31CE-4484-8E95-24AA414BD613}
		{E204A908-E901-4A8E-9F41-1D99B561BBD0} = {16F00178-31CE-4484-8E95-24AA414BD613}
		{25403DF8-8A8D-4760-AAE7-0F5BA5EB3217} = {16F00178-31CE-4484-8E95-24AA414BD613}
		{5C3E09EB-4FB0-49B4-8193-9DDC04C54BCC} = {16F00178-31CE-4484-8E95-24AA414BD613}
		{E10384AA-913C-4121-B570-45608D6BCBF6} = {16F00178-31CE-4484-8E95-24AA414BD613}
		{91694D8C-61C5-4DF8-BB2D-51A4F9558E4F} = {16F00178-31CE-4484-8E95-24AA414BD613}
		{4CFFD8B1-0CC0-4086-B566-4B231AB59229} = {16F00178-31CE-4484-8E95-24AA414BD613}
		{C37D84AB-5D51-4EAB-817C-3A61F9E0EB80} = {16F00178-31CE-4484-8E95-24AA414BD613}
		{9BCA9E76-00C1-4026-9C2E-CA34F209CE27} = {16F00178-31CE-4484-8E95-24AA414BD613}
		{D35C216E-EB63-42A8-B08C-7E1FB6383E11} = {16F00178-31CE-4484-8E95-24AA414BD613}
		{92C17A77-F35F-44D8-82EB-C1A5C69ECFC1} = {16F00178-31CE-4484-8E95-24AA414BD613}
		{2CBDDBB7-99C1-4CBB-BF02-613D26D65407} = {16F00178-31CE-4484-8E95-24AA414BD613}
		{39F889BA-A426-44D2-B4E0-F2E4708B5B8A} = {EEE311D2-6601-4FFF-978B-7F40F6AAD2F1}
		{CD36B0CD-3FA7-464B-83CF-488CCFE7FE60} = {EEE311D2-6601-4FFF-978B-7F40F6AAD2F1}
		{464D8A90-CFAD-4AD7-9BE6-8DCDA2F3470B} = {EEE311D2-6601-4FFF-978B-7F40F6AAD2F1}
		{9EAFFF8C-A21B-4002-BB0B-8C82F9ECFBA8} = {EEE311D2-6601-4FFF-978B-7F40F6AAD2F1}
		{3A4C343A-479F-4F48-B179-5D313B11A5E3} = {EEE311D2-6601-4FFF-978B-7F40F6AAD2F1}
		{BEBE0D67-061A-444C-A3B9-6823B9E00943} = {EEE311D2-6601-4FFF-978B-7F40F6AAD2F1}
		{C4D5E5AD-F316-4034-A398-416A161FC370} = {EEE311D2-6601-4FFF-978B-7F40F6AAD2F1}
		{C9D1E971-FAAE-436D-8C9B-329B0F2E17B6} = {EEE311D2-6601-4FFF-978B-7F40F6AAD2F1}
		{46F3A7C0-CD6B-46E3-A7B3-ED31FF6DA1DA} = {EEE311D2-6601-4FFF-978B-7F40F6AAD2F1}
		{39D47EC4-742A-45B8-A353-2B1D0CEA4902} = {92961D31-87CD-4A57-8D5C-DDCD1526BFF0}
		{2337F603-AC99-489C-B7D6-B9FD6529AE64} = {92961D31-87CD-4A57-8D5C-DDCD1526BFF0}
		{39ABEFF2-29C2-45DE-A403-CAFCBA30C88A} = {92961D31-87CD-4A57-8D5C-DDCD1526BFF0}
	EndGlobalSection
	GlobalSection(ExtensibilityGlobals) = postSolution
		SolutionGuid = {F24BDA6E-44FE-429B-9012-11CD1493526F}
	EndGlobalSection
EndGlobal
